
Microsoft Visual Studio Solution File, Format Version 12.00
# Visual Studio Version 16
VisualStudioVersion = 16.0.29709.97
MinimumVisualStudioVersion = 10.0.40219.1
Project("{FAE04EC0-301F-11D3-BF4B-00C04F79EFBC}") = "PlantFinderFinalProject", "PlantFinderFinalProject\PlantFinderFinalProject.csproj", "{D5B3F742-06AC-49BD-BC85-5D418DDC6DA5}"
EndProject
Global
	GlobalSection(SolutionConfigurationPlatforms) = preSolution
		Debug|Any CPU = Debug|Any CPU
		Release|Any CPU = Release|Any CPU
	EndGlobalSection
	GlobalSection(ProjectConfigurationPlatforms) = postSolution
		{D5B3F742-06AC-49BD-BC85-5D418DDC6DA5}.Debug|Any CPU.ActiveCfg = Debug|Any CPU
		{D5B3F742-06AC-49BD-BC85-5D418DDC6DA5}.Debug|Any CPU.Build.0 = Debug|Any CPU
		{D5B3F742-06AC-49BD-BC85-5D418DDC6DA5}.Release|Any CPU.ActiveCfg = Release|Any CPU
		{D5B3F742-06AC-49BD-BC85-5D418DDC6DA5}.Release|Any CPU.Build.0 = Release|Any CPU
	EndGlobalSection
	GlobalSection(SolutionProperties) = preSolution
		HideSolutionNode = FALSE
	EndGlobalSection
	GlobalSection(ExtensibilityGlobals) = postSolution
		SolutionGuid = {1AB47E95-A81E-4EC6-BFC1-8179B6222CAD}
	EndGlobalSection
EndGlobal
